# This file is generated by running "yarn install" inside your project.
# Manual changes might be lost - proceed with caution!

__metadata:
  version: 8
  cacheKey: 10c0

"@types/node@npm:^20.12.7":
  version: 20.12.7
  resolution: "@types/node@npm:20.12.7"
  dependencies:
    undici-types: "npm:~5.26.4"
  checksum: 10c0/dce80d63a3b91892b321af823d624995c61e39c6a223cc0ac481a44d337640cc46931d33efb3beeed75f5c85c3bda1d97cef4c5cd4ec333caf5dee59cff6eca0
  languageName: node
  linkType: hard

"eris-node20-bug@workspace:.":
  version: 0.0.0-use.local
  resolution: "eris-node20-bug@workspace:."
  dependencies:
    "@types/node": "npm:^20.12.7"
    eris: "abalabahaha/eris#dev"
    typescript: "npm:^5.4.5"
  languageName: unknown
  linkType: soft

"eris@abalabahaha/eris#dev":
  version: 0.17.2
  resolution: "eris@https://github.com/abalabahaha/eris.git#commit=7524a402d8e04a35c5d51fd03c4820f7313983cf"
  dependencies:
    opusscript: "npm:^0.0.8"
    tweetnacl: "npm:^1.0.3"
    ws: "npm:^8.2.3"
  dependenciesMeta:
    opusscript:
      optional: true
    tweetnacl:
      optional: true
  checksum: 10c0/c478167064fe847cf196ed56ed0e91994ded074ae9e0b7053131847c19b88830bd361d30e3f34583c6a9178a29c010fdbe270b6c0ae26b32b5515212ea3a9a0d
  languageName: node
  linkType: hard

"opusscript@npm:^0.0.8":
  version: 0.0.8
  resolution: "opusscript@npm:0.0.8"
  checksum: 10c0/784215c8c825794d76876a0e130f221ad592afdecef681dd1ff8bafb8b2831b31d7ec5cc93115c827004b7e815bf70ef75aa24fb3cd5de2b11b6bce0537006e2
  languageName: node
  linkType: hard

"tweetnacl@npm:^1.0.3":
  version: 1.0.3
  resolution: "tweetnacl@npm:1.0.3"
  checksum: 10c0/069d9df51e8ad4a89fbe6f9806c68e06c65be3c7d42f0701cc43dba5f0d6064686b238bbff206c5addef8854e3ce00c643bff59432ea2f2c639feab0ee1a93f9
  languageName: node
  linkType: hard

"typescript@npm:^5.4.5":
  version: 5.4.5
  resolution: "typescript@npm:5.4.5"
  bin:
    tsc: bin/tsc
    tsserver: bin/tsserver
  checksum: 10c0/2954022ada340fd3d6a9e2b8e534f65d57c92d5f3989a263754a78aba549f7e6529acc1921913560a4b816c46dce7df4a4d29f9f11a3dc0d4213bb76d043251e
  languageName: node
  linkType: hard

"typescript@patch:typescript@npm%3A^5.4.5#optional!builtin<compat/typescript>":
  version: 5.4.5
  resolution: "typescript@patch:typescript@npm%3A5.4.5#optional!builtin<compat/typescript>::version=5.4.5&hash=5adc0c"
  bin:
    tsc: bin/tsc
    tsserver: bin/tsserver
  checksum: 10c0/db2ad2a16ca829f50427eeb1da155e7a45e598eec7b086d8b4e8ba44e5a235f758e606d681c66992230d3fc3b8995865e5fd0b22a2c95486d0b3200f83072ec9
  languageName: node
  linkType: hard

"undici-types@npm:~5.26.4":
  version: 5.26.5
  resolution: "undici-types@npm:5.26.5"
  checksum: 10c0/bb673d7876c2d411b6eb6c560e0c571eef4a01c1c19925175d16e3a30c4c428181fb8d7ae802a261f283e4166a0ac435e2f505743aa9e45d893f9a3df017b501
  languageName: node
  linkType: hard

"ws@npm:^8.2.3":
  version: 8.16.0
  resolution: "ws@npm:8.16.0"
  peerDependencies:
    bufferutil: ^4.0.1
    utf-8-validate: ">=5.0.2"
  peerDependenciesMeta:
    bufferutil:
      optional: true
    utf-8-validate:
      optional: true
  checksum: 10c0/a7783bb421c648b1e622b423409cb2a58ac5839521d2f689e84bc9dc41d59379c692dd405b15a997ea1d4c0c2e5314ad707332d0c558f15232d2bc07c0b4618a
  languageName: node
  linkType: hard
